<?xml version="1.0" encoding="utf-8"?>
<Project ToolsVersion="4.0" xmlns="http://schemas.microsoft.com/developer/msbuild/2003">
  <ItemGroup>
    <ClCompile Include="debug.cpp" />
    <ClCompile Include="GetBoot.cpp" />
    <ClCompile Include="GetFile.cpp" />
    <ClCompile Include="LeftView.cpp" />
    <ClCompile Include="MainFrm.cpp" />
    <ClCompile Include="MakeNewDisk.cpp" />
    <ClCompile Include="MZDiskExplorer.cpp" />
    <ClCompile Include="MZDiskExplorerDoc.cpp" />
    <ClCompile Include="MZDiskExplorerView.cpp" />
    <ClCompile Include="path.cpp" />
    <ClCompile Include="PutBoot.cpp" />
    <ClCompile Include="PutFile.cpp" />
    <ClCompile Include="StdAfx.cpp" />
    <ClCompile Include="MzDisk\D88Image.cpp">
      <Filter>MzDisk</Filter>
    </ClCompile>
    <ClCompile Include="MzDisk\Disk.cpp">
      <Filter>MzDisk</Filter>
    </ClCompile>
    <ClCompile Include="MzDisk\FileData.cpp">
      <Filter>MzDisk</Filter>
    </ClCompile>
    <ClCompile Include="MzDisk\Format.cpp">
      <Filter>MzDisk</Filter>
    </ClCompile>
    <ClCompile Include="MzDisk\Mz80Disk.cpp">
      <Filter>MzDisk</Filter>
    </ClCompile>
    <ClCompile Include="MzDisk\MzDisk.cpp">
      <Filter>MzDisk</Filter>
    </ClCompile>
    <ClCompile Include="GetSystem.cpp" />
    <ClCompile Include="EditFile.cpp" />
    <ClCompile Include="MzDisk\Mz80SP6110Disk.cpp">
      <Filter>MzDisk</Filter>
    </ClCompile>
    <ClCompile Include="ChangeType.cpp" />
  </ItemGroup>
  <ItemGroup>
    <ClInclude Include="debug.h" />
    <ClInclude Include="generic.h" />
    <ClInclude Include="GetBoot.h" />
    <ClInclude Include="GetFile.h" />
    <ClInclude Include="LeftView.h" />
    <ClInclude Include="MainFrm.h" />
    <ClInclude Include="MakeNewDisk.h" />
    <ClInclude Include="MZDiskExplorer.h" />
    <ClInclude Include="MZDiskExplorerDoc.h" />
    <ClInclude Include="MZDiskExplorerView.h" />
    <ClInclude Include="path.h" />
    <ClInclude Include="PutBoot.h" />
    <ClInclude Include="PutFile.h" />
    <ClInclude Include="Resource.h" />
    <ClInclude Include="StdAfx.h" />
    <ClInclude Include="MzDisk\D88Image.hpp">
      <Filter>MzDisk</Filter>
    </ClInclude>
    <ClInclude Include="MzDisk\Disk.hpp">
      <Filter>MzDisk</Filter>
    </ClInclude>
    <ClInclude Include="MzDisk\FileData.hpp">
      <Filter>MzDisk</Filter>
    </ClInclude>
    <ClInclude Include="MzDisk\Format.hpp">
      <Filter>MzDisk</Filter>
    </ClInclude>
    <ClInclude Include="MzDisk\Mz80Disk.hpp">
      <Filter>MzDisk</Filter>
    </ClInclude>
    <ClInclude Include="MzDisk\MzDisk.hpp">
      <Filter>MzDisk</Filter>
    </ClInclude>
    <ClInclude Include="GetSystem.h" />
    <ClInclude Include="EditFile.h" />
    <ClInclude Include="MzDisk\Mz80SP6110Disk.hpp">
      <Filter>MzDisk</Filter>
    </ClInclude>
    <ClInclude Include="ChangeType.h" />
  </ItemGroup>
  <ItemGroup>
    <CustomBuild Include="MZDiskExplorer.reg" />
    <CustomBuild Include="res\MZDiskExplorer.rc2" />
  </ItemGroup>
  <ItemGroup>
    <ResourceCompile Include="MZDiskExplorer.rc" />
  </ItemGroup>
  <ItemGroup>
    <Image Include="res\MZDiskExplorer.ico" />
    <Image Include="res\MZDiskExplorerDoc.ico" />
    <Image Include="res\Toolbar.bmp" />
  </ItemGroup>
  <ItemGroup>
    <Filter Include="MzDisk">
      <UniqueIdentifier>{5b214194-e442-48bf-91c6-54d972d0791e}</UniqueIdentifier>
    </Filter>
  </ItemGroup>
</Project>